
Microsoft Visual Studio Solution File, Format Version 12.00
Project("{FAE04EC0-301F-11D3-BF4B-00C04F79EFBC}") = "ElevatorApi", "ElevatorApi\ElevatorApi.csproj", "{26B5CF49-39B7-46C7-A68A-7B80C42E9A75}"
EndProject
Project("{FAE04EC0-301F-11D3-BF4B-00C04F79EFBC}") = "ElevatorApiTest", "ElevatorApiTest\ElevatorApiTest.csproj", "{DFF06BEE-F64A-47EA-B121-0BCD733DA3C7}"
EndProject
Project("{FAE04EC0-301F-11D3-BF4B-00C04F79EFBC}") = "ElevatorCli", "ElevatorCli\ElevatorCli.csproj", "{15E2C170-C426-4B07-B154-959E9655DD57}"
EndProject
Global
	GlobalSection(SolutionConfigurationPlatforms) = preSolution
		Debug|Any CPU = Debug|Any CPU
		Release|Any CPU = Release|Any CPU
	EndGlobalSection
	GlobalSection(ProjectConfigurationPlatforms) = postSolution
		{26B5CF49-39B7-46C7-A68A-7B80C42E9A75}.Debug|Any CPU.ActiveCfg = Debug|Any CPU
		{26B5CF49-39B7-46C7-A68A-7B80C42E9A75}.Debug|Any CPU.Build.0 = Debug|Any CPU
		{26B5CF49-39B7-46C7-A68A-7B80C42E9A75}.Release|Any CPU.ActiveCfg = Release|Any CPU
		{26B5CF49-39B7-46C7-A68A-7B80C42E9A75}.Release|Any CPU.Build.0 = Release|Any CPU
		{DFF06BEE-F64A-47EA-B121-0BCD733DA3C7}.Debug|Any CPU.ActiveCfg = Debug|Any CPU
		{DFF06BEE-F64A-47EA-B121-0BCD733DA3C7}.Debug|Any CPU.Build.0 = Debug|Any CPU
		{DFF06BEE-F64A-47EA-B121-0BCD733DA3C7}.Release|Any CPU.ActiveCfg = Release|Any CPU
		{DFF06BEE-F64A-47EA-B121-0BCD733DA3C7}.Release|Any CPU.Build.0 = Release|Any CPU
		{15E2C170-C426-4B07-B154-959E9655DD57}.Debug|Any CPU.ActiveCfg = Debug|Any CPU
		{15E2C170-C426-4B07-B154-959E9655DD57}.Debug|Any CPU.Build.0 = Debug|Any CPU
		{15E2C170-C426-4B07-B154-959E9655DD57}.Release|Any CPU.ActiveCfg = Release|Any CPU
		{15E2C170-C426-4B07-B154-959E9655DD57}.Release|Any CPU.Build.0 = Release|Any CPU
	EndGlobalSection
EndGlobal
